{
  "version": 4,
  "terraform_version": "1.13.0",
  "serial": 18,
  "lineage": "9b7bec89-ce68-d87d-460b-8c6bcb2087cf",
  "outputs": {
    "created_namespaces": {
      "value": [
        "collateral",
        "margin"
      ],
      "type": [
        "tuple",
        [
          "string",
          "string"
        ]
      ]
    },
    "environment": {
      "value": "dev",
      "type": "string"
    },
    "ingress_gateway_installed": {
      "value": true,
      "type": "bool"
    },
    "ingress_gateway_namespace": {
      "value": "istio-ingress",
      "type": "string"
    },
    "istio_base_version": {
      "value": "1.20.0",
      "type": "string"
    },
    "istio_namespace": {
      "value": "istio-system",
      "type": "string"
    },
    "istiod_version": {
      "value": "1.20.0",
      "type": "string"
    },
    "rbac_roles_created": {
      "value": [
        "collateral/namespace-admin",
        "margin/namespace-admin"
      ],
      "type": [
        "tuple",
        [
          "string",
          "string"
        ]
      ]
    }
  },
  "resources": [
    {
      "mode": "managed",
      "type": "helm_release",
      "name": "istio_base",
      "provider": "provider[\"registry.terraform.io/hashicorp/helm\"]",
      "instances": [
        {
          "schema_version": 2,
          "attributes": {
            "atomic": false,
            "chart": "base",
            "cleanup_on_fail": false,
            "create_namespace": true,
            "dependency_update": false,
            "description": null,
            "devel": null,
            "disable_crd_hooks": false,
            "disable_openapi_validation": false,
            "disable_webhooks": false,
            "force_update": false,
            "id": "istio-base",
            "keyring": null,
            "lint": false,
            "manifest": null,
            "max_history": 0,
            "metadata": {
              "app_version": "1.20.0",
              "chart": "base",
              "first_deployed": 1772113591,
              "last_deployed": 1772113591,
              "name": "istio-base",
              "namespace": "istio-system",
              "notes": "Istio base successfully installed!\n\nTo learn more about the release, try:\n  $ helm status istio-base\n  $ helm get all istio-base\n",
              "revision": 1,
              "values": "{}",
              "version": "1.20.0"
            },
            "name": "istio-base",
            "namespace": "istio-system",
            "pass_credentials": false,
            "postrender": null,
            "recreate_pods": false,
            "render_subchart_notes": true,
            "replace": false,
            "repository": "https://istio-release.storage.googleapis.com/charts",
            "repository_ca_file": null,
            "repository_cert_file": null,
            "repository_key_file": null,
            "repository_password": null,
            "repository_username": null,
            "reset_values": false,
            "resources": null,
            "reuse_values": false,
            "set": null,
            "set_list": null,
            "set_sensitive": null,
            "set_wo": null,
            "set_wo_revision": null,
            "skip_crds": false,
            "status": "deployed",
            "take_ownership": false,
            "timeout": 600,
            "timeouts": null,
            "upgrade_install": false,
            "values": null,
            "verify": false,
            "version": "1.20.0",
            "wait": true,
            "wait_for_jobs": false
          },
          "sensitive_attributes": [
            [
              {
                "type": "get_attr",
                "value": "repository_password"
              }
            ]
          ],
          "identity_schema_version": 0,
          "identity": {
            "namespace": "istio-system",
            "release_name": "istio-base"
          }
        }
      ]
    },
    {
      "mode": "managed",
      "type": "helm_release",
      "name": "istio_ingress",
      "provider": "provider[\"registry.terraform.io/hashicorp/helm\"]",
      "instances": [
        {
          "index_key": 0,
          "schema_version": 2,
          "attributes": {
            "atomic": false,
            "chart": "gateway",
            "cleanup_on_fail": false,
            "create_namespace": true,
            "dependency_update": false,
            "description": null,
            "devel": null,
            "disable_crd_hooks": false,
            "disable_openapi_validation": false,
            "disable_webhooks": false,
            "force_update": false,
            "id": "istio-ingressgateway",
            "keyring": null,
            "lint": false,
            "manifest": null,
            "max_history": 0,
            "metadata": {
              "app_version": "1.20.0",
              "chart": "gateway",
              "first_deployed": 1772113645,
              "last_deployed": 1772415110,
              "name": "istio-ingressgateway",
              "namespace": "istio-ingress",
              "notes": "\"istio-ingressgateway\" successfully installed!\n\nTo learn more about the release, try:\n  $ helm status istio-ingressgateway\n  $ helm get all istio-ingressgateway\n\nNext steps:\n  * Deploy an HTTP Gateway: https://istio.io/latest/docs/tasks/traffic-management/ingress/ingress-control/\n  * Deploy an HTTPS Gateway: https://istio.io/latest/docs/tasks/traffic-management/ingress/secure-ingress/\n",
              "revision": 2,
              "values": "{\"service\":{\"ports\":[{\"name\":\"status-port\",\"port\":15021,\"protocol\":\"TCP\",\"targetPort\":15021},{\"name\":\"http2\",\"port\":80,\"protocol\":\"TCP\",\"targetPort\":80},{\"name\":\"tls\",\"port\":443,\"protocol\":\"TCP\",\"targetPort\":443},{\"name\":\"https\",\"port\":8443,\"protocol\":\"TCP\",\"targetPort\":8443}],\"type\":\"NodePort\"}}",
              "version": "1.20.0"
            },
            "name": "istio-ingressgateway",
            "namespace": "istio-ingress",
            "pass_credentials": false,
            "postrender": null,
            "recreate_pods": false,
            "render_subchart_notes": true,
            "replace": false,
            "repository": "https://istio-release.storage.googleapis.com/charts",
            "repository_ca_file": null,
            "repository_cert_file": null,
            "repository_key_file": null,
            "repository_password": null,
            "repository_username": null,
            "reset_values": false,
            "resources": null,
            "reuse_values": false,
            "set": null,
            "set_list": null,
            "set_sensitive": null,
            "set_wo": null,
            "set_wo_revision": null,
            "skip_crds": false,
            "status": "deployed",
            "take_ownership": false,
            "timeout": 900,
            "timeouts": null,
            "upgrade_install": false,
            "values": [
              "\"service\":\n  \"ports\":\n  - \"name\": \"status-port\"\n    \"port\": 15021\n    \"protocol\": \"TCP\"\n    \"targetPort\": 15021\n  - \"name\": \"http2\"\n    \"port\": 80\n    \"protocol\": \"TCP\"\n    \"targetPort\": 80\n  - \"name\": \"tls\"\n    \"port\": 443\n    \"protocol\": \"TCP\"\n    \"targetPort\": 443\n  - \"name\": \"https\"\n    \"port\": 8443\n    \"protocol\": \"TCP\"\n    \"targetPort\": 8443\n  \"type\": \"NodePort\"\n"
            ],
            "verify": false,
            "version": "1.20.0",
            "wait": true,
            "wait_for_jobs": false
          },
          "sensitive_attributes": [
            [
              {
                "type": "get_attr",
                "value": "repository_password"
              }
            ]
          ],
          "identity_schema_version": 0,
          "identity": {
            "namespace": "istio-ingress",
            "release_name": "istio-ingressgateway"
          },
          "dependencies": [
            "helm_release.istio_base",
            "helm_release.istiod"
          ]
        }
      ]
    },
    {
      "mode": "managed",
      "type": "helm_release",
      "name": "istiod",
      "provider": "provider[\"registry.terraform.io/hashicorp/helm\"]",
      "instances": [
        {
          "schema_version": 2,
          "attributes": {
            "atomic": false,
            "chart": "istiod",
            "cleanup_on_fail": false,
            "create_namespace": false,
            "dependency_update": false,
            "description": null,
            "devel": null,
            "disable_crd_hooks": false,
            "disable_openapi_validation": false,
            "disable_webhooks": false,
            "force_update": false,
            "id": "istiod",
            "keyring": null,
            "lint": false,
            "manifest": null,
            "max_history": 0,
            "metadata": {
              "app_version": "1.20.0",
              "chart": "istiod",
              "first_deployed": 1772113603,
              "last_deployed": 1772113603,
              "name": "istiod",
              "namespace": "istio-system",
              "notes": "\"istiod\" successfully installed!\n\nTo learn more about the release, try:\n  $ helm status istiod\n  $ helm get all istiod\n\nNext steps:\n  * Deploy a Gateway: https://istio.io/latest/docs/setup/additional-setup/gateway/\n  * Try out our tasks to get started on common configurations:\n    * https://istio.io/latest/docs/tasks/traffic-management\n    * https://istio.io/latest/docs/tasks/security/\n    * https://istio.io/latest/docs/tasks/policy-enforcement/\n  * Review the list of actively supported releases, CVE publications and our hardening guide:\n    * https://istio.io/latest/docs/releases/supported-releases/\n    * https://istio.io/latest/news/security/\n    * https://istio.io/latest/docs/ops/best-practices/security/\n\nFor further documentation see https://istio.io website\n",
              "revision": 1,
              "values": "{}",
              "version": "1.20.0"
            },
            "name": "istiod",
            "namespace": "istio-system",
            "pass_credentials": false,
            "postrender": null,
            "recreate_pods": false,
            "render_subchart_notes": true,
            "replace": false,
            "repository": "https://istio-release.storage.googleapis.com/charts",
            "repository_ca_file": null,
            "repository_cert_file": null,
            "repository_key_file": null,
            "repository_password": null,
            "repository_username": null,
            "reset_values": false,
            "resources": null,
            "reuse_values": false,
            "set": null,
            "set_list": null,
            "set_sensitive": null,
            "set_wo": null,
            "set_wo_revision": null,
            "skip_crds": false,
            "status": "deployed",
            "take_ownership": false,
            "timeout": 600,
            "timeouts": null,
            "upgrade_install": false,
            "values": null,
            "verify": false,
            "version": "1.20.0",
            "wait": true,
            "wait_for_jobs": false
          },
          "sensitive_attributes": [
            [
              {
                "type": "get_attr",
                "value": "repository_password"
              }
            ]
          ],
          "identity_schema_version": 0,
          "identity": {
            "namespace": "istio-system",
            "release_name": "istiod"
          },
          "dependencies": [
            "helm_release.istio_base"
          ]
        }
      ]
    },
    {
      "mode": "managed",
      "type": "kubernetes_namespace",
      "name": "team_namespaces",
      "provider": "provider[\"registry.terraform.io/hashicorp/kubernetes\"]",
      "instances": [
        {
          "index_key": "collateral",
          "schema_version": 0,
          "attributes": {
            "id": "collateral",
            "metadata": [
              {
                "annotations": {},
                "generate_name": "",
                "generation": 0,
                "labels": {
                  "app.kubernetes.io/managed-by": "terraform",
                  "app.kubernetes.io/part-of": "service-virtualization",
                  "environment": "dev"
                },
                "name": "collateral",
                "resource_version": "805",
                "uid": "75ed9958-745b-49cb-aa8a-320d4076bc82"
              }
            ],
            "timeouts": null,
            "wait_for_default_service_account": false
          },
          "sensitive_attributes": [],
          "identity_schema_version": 1,
          "identity": {
            "api_version": "v1",
            "kind": "Namespace",
            "name": "collateral"
          },
          "private": "eyJlMmJmYjczMC1lY2FhLTExZTYtOGY4OC0zNDM2M2JjN2M0YzAiOnsiZGVsZXRlIjozMDAwMDAwMDAwMDB9fQ=="
        },
        {
          "index_key": "margin",
          "schema_version": 0,
          "attributes": {
            "id": "margin",
            "metadata": [
              {
                "annotations": {},
                "generate_name": "",
                "generation": 0,
                "labels": {
                  "app.kubernetes.io/managed-by": "terraform",
                  "app.kubernetes.io/part-of": "service-virtualization",
                  "environment": "dev"
                },
                "name": "margin",
                "resource_version": "806",
                "uid": "c85fd3dd-9a6f-4e33-a4f7-5dddde424b2b"
              }
            ],
            "timeouts": null,
            "wait_for_default_service_account": false
          },
          "sensitive_attributes": [],
          "identity_schema_version": 1,
          "identity": {
            "api_version": "v1",
            "kind": "Namespace",
            "name": "margin"
          },
          "private": "eyJlMmJmYjczMC1lY2FhLTExZTYtOGY4OC0zNDM2M2JjN2M0YzAiOnsiZGVsZXRlIjozMDAwMDAwMDAwMDB9fQ=="
        }
      ]
    },
    {
      "mode": "managed",
      "type": "kubernetes_role",
      "name": "namespace_admin",
      "provider": "provider[\"registry.terraform.io/hashicorp/kubernetes\"]",
      "instances": [
        {
          "index_key": "collateral",
          "schema_version": 0,
          "attributes": {
            "id": "collateral/namespace-admin",
            "metadata": [
              {
                "annotations": {},
                "generate_name": "",
                "generation": 0,
                "labels": {
                  "app.kubernetes.io/managed-by": "terraform",
                  "app.kubernetes.io/part-of": "service-virtualization"
                },
                "name": "namespace-admin",
                "namespace": "collateral",
                "resource_version": "812",
                "uid": "19c580fc-ba44-468c-9f92-844d947350d0"
              }
            ],
            "rule": [
              {
                "api_groups": [
                  "*"
                ],
                "resource_names": [],
                "resources": [
                  "*"
                ],
                "verbs": [
                  "*"
                ]
              }
            ]
          },
          "sensitive_attributes": [],
          "identity_schema_version": 1,
          "identity": {
            "api_version": "rbac.authorization.k8s.io/v1",
            "kind": "Role",
            "name": "namespace-admin",
            "namespace": "collateral"
          },
          "private": "bnVsbA==",
          "dependencies": [
            "kubernetes_namespace.team_namespaces"
          ]
        },
        {
          "index_key": "margin",
          "schema_version": 0,
          "attributes": {
            "id": "margin/namespace-admin",
            "metadata": [
              {
                "annotations": {},
                "generate_name": "",
                "generation": 0,
                "labels": {
                  "app.kubernetes.io/managed-by": "terraform",
                  "app.kubernetes.io/part-of": "service-virtualization"
                },
                "name": "namespace-admin",
                "namespace": "margin",
                "resource_version": "811",
                "uid": "645e3f79-a329-4003-bbd5-e5f14640aef7"
              }
            ],
            "rule": [
              {
                "api_groups": [
                  "*"
                ],
                "resource_names": [],
                "resources": [
                  "*"
                ],
                "verbs": [
                  "*"
                ]
              }
            ]
          },
          "sensitive_attributes": [],
          "identity_schema_version": 1,
          "identity": {
            "api_version": "rbac.authorization.k8s.io/v1",
            "kind": "Role",
            "name": "namespace-admin",
            "namespace": "margin"
          },
          "private": "bnVsbA==",
          "dependencies": [
            "kubernetes_namespace.team_namespaces"
          ]
        }
      ]
    }
  ],
  "check_results": null
}
