{
  "version": 4,
  "terraform_version": "1.13.0",
  "serial": 7,
  "lineage": "d3e9ee4b-da86-6d36-6d9c-e50ee5b9b616",
  "outputs": {
    "gateway_crd_name": {
      "value": "gateways.networking.istio.io",
      "type": "string"
    },
    "gateway_crd_registered": {
      "value": true,
      "type": "bool"
    },
    "gateway_hosts": {
      "value": [
        "*"
      ],
      "type": [
        "list",
        "string"
      ]
    },
    "gateway_name": {
      "value": "shared-gateway",
      "type": "string"
    },
    "gateway_namespace": {
      "value": "istio-ingress",
      "type": "string"
    },
    "gateway_reference": {
      "value": "istio-ingress/shared-gateway",
      "type": "string"
    }
  },
  "resources": [
    {
      "mode": "data",
      "type": "kubernetes_resource",
      "name": "gateway_crd",
      "provider": "provider[\"registry.terraform.io/hashicorp/kubernetes\"]",
      "instances": [
        {
          "schema_version": 1,
          "attributes": {
            "api_version": "apiextensions.k8s.io/v1",
            "kind": "CustomResourceDefinition",
            "metadata": [
              {
                "name": "gateways.networking.istio.io",
                "namespace": null
              }
            ],
            "object": {
              "value": {
                "apiVersion": "apiextensions.k8s.io/v1",
                "kind": "CustomResourceDefinition",
                "metadata": {
                  "annotations": {
                    "helm.sh/resource-policy": "keep"
                  },
                  "creationTimestamp": "2026-02-26T13:46:30Z",
                  "deletionGracePeriodSeconds": null,
                  "deletionTimestamp": null,
                  "finalizers": null,
                  "generateName": null,
                  "generation": 1,
                  "labels": {
                    "app": "istio-pilot",
                    "chart": "istio",
                    "heritage": "Tiller",
                    "release": "istio"
                  },
                  "managedFields": [
                    {
                      "apiVersion": "apiextensions.k8s.io/v1",
                      "fieldsType": "FieldsV1",
                      "fieldsV1": {
                        "f:metadata": {
                          "f:annotations": {
                            ".": {},
                            "f:helm.sh/resource-policy": {}
                          },
                          "f:labels": {
                            ".": {},
                            "f:app": {},
                            "f:chart": {},
                            "f:heritage": {},
                            "f:release": {}
                          }
                        },
                        "f:spec": {
                          "f:conversion": {
                            ".": {},
                            "f:strategy": {}
                          },
                          "f:group": {},
                          "f:names": {
                            "f:categories": {},
                            "f:kind": {},
                            "f:listKind": {},
                            "f:plural": {},
                            "f:shortNames": {},
                            "f:singular": {}
                          },
                          "f:scope": {},
                          "f:versions": {}
                        }
                      },
                      "manager": "terraform-provider-helm_v3.1.1_x5.exe",
                      "operation": "Update",
                      "subresource": null,
                      "time": "2026-02-26T13:46:30Z"
                    },
                    {
                      "apiVersion": "apiextensions.k8s.io/v1",
                      "fieldsType": "FieldsV1",
                      "fieldsV1": {
                        "f:status": {
                          "f:acceptedNames": {
                            "f:categories": {},
                            "f:kind": {},
                            "f:listKind": {},
                            "f:plural": {},
                            "f:shortNames": {},
                            "f:singular": {}
                          },
                          "f:conditions": {
                            "k:{\"type\":\"Established\"}": {
                              ".": {},
                              "f:lastTransitionTime": {},
                              "f:message": {},
                              "f:reason": {},
                              "f:status": {},
                              "f:type": {}
                            },
                            "k:{\"type\":\"NamesAccepted\"}": {
                              ".": {},
                              "f:lastTransitionTime": {},
                              "f:message": {},
                              "f:reason": {},
                              "f:status": {},
                              "f:type": {}
                            }
                          }
                        }
                      },
                      "manager": "k3s",
                      "operation": "Update",
                      "subresource": "status",
                      "time": "2026-02-26T13:46:31Z"
                    }
                  ],
                  "name": "gateways.networking.istio.io",
                  "namespace": null,
                  "ownerReferences": null,
                  "resourceVersion": "850",
                  "selfLink": null,
                  "uid": "87f1d6cb-50cc-4fa8-900f-c28fe534668c"
                },
                "spec": {
                  "conversion": {
                    "strategy": "None",
                    "webhook": {
                      "clientConfig": {
                        "caBundle": null,
                        "service": {
                          "name": null,
                          "namespace": null,
                          "path": null,
                          "port": null
                        },
                        "url": null
                      },
                      "conversionReviewVersions": null
                    }
                  },
                  "group": "networking.istio.io",
                  "names": {
                    "categories": [
                      "istio-io",
                      "networking-istio-io"
                    ],
                    "kind": "Gateway",
                    "listKind": "GatewayList",
                    "plural": "gateways",
                    "shortNames": [
                      "gw"
                    ],
                    "singular": "gateway"
                  },
                  "preserveUnknownFields": null,
                  "scope": "Namespaced",
                  "versions": [
                    {
                      "additionalPrinterColumns": null,
                      "deprecated": null,
                      "deprecationWarning": null,
                      "name": "v1alpha3",
                      "schema": {
                        "openAPIV3Schema": {
                          "properties": {
                            "spec": {
                              "description": "Configuration affecting edge load balancer. See more details at: https://istio.io/docs/reference/config/networking/gateway.html",
                              "properties": {
                                "selector": {
                                  "additionalProperties": {
                                    "type": "string"
                                  },
                                  "description": "One or more labels that indicate a specific set of pods/VMs on which this gateway configuration should be applied.",
                                  "type": "object"
                                },
                                "servers": {
                                  "description": "A list of server specifications.",
                                  "items": {
                                    "properties": {
                                      "bind": {
                                        "description": "The ip or the Unix domain socket to which the listener should be bound to.",
                                        "type": "string"
                                      },
                                      "defaultEndpoint": {
                                        "type": "string"
                                      },
                                      "hosts": {
                                        "description": "One or more hosts exposed by this gateway.",
                                        "items": {
                                          "type": "string"
                                        },
                                        "type": "array"
                                      },
                                      "name": {
                                        "description": "An optional name of the server, when set must be unique across all servers.",
                                        "type": "string"
                                      },
                                      "port": {
                                        "description": "The Port on which the proxy should listen for incoming connections.",
                                        "properties": {
                                          "name": {
                                            "description": "Label assigned to the port.",
                                            "type": "string"
                                          },
                                          "number": {
                                            "description": "A valid non-negative integer port number.",
                                            "type": "integer"
                                          },
                                          "protocol": {
                                            "description": "The protocol exposed on the port.",
                                            "type": "string"
                                          },
                                          "targetPort": {
                                            "type": "integer"
                                          }
                                        },
                                        "required": [
                                          "number",
                                          "protocol",
                                          "name"
                                        ],
                                        "type": "object"
                                      },
                                      "tls": {
                                        "description": "Set of TLS related options that govern the server's behavior.",
                                        "properties": {
                                          "caCertificates": {
                                            "description": "REQUIRED if mode is `MUTUAL` or `OPTIONAL_MUTUAL`.",
                                            "type": "string"
                                          },
                                          "cipherSuites": {
                                            "description": "Optional: If specified, only support the specified cipher list.",
                                            "items": {
                                              "type": "string"
                                            },
                                            "type": "array"
                                          },
                                          "credentialName": {
                                            "description": "For gateways running on Kubernetes, the name of the secret that holds the TLS certs including the CA certificates.",
                                            "type": "string"
                                          },
                                          "httpsRedirect": {
                                            "description": "If set to true, the load balancer will send a 301 redirect for all http connections, asking the clients to use HTTPS.",
                                            "type": "boolean"
                                          },
                                          "maxProtocolVersion": {
                                            "description": "Optional: Maximum TLS protocol version.",
                                            "enum": [
                                              "TLS_AUTO",
                                              "TLSV1_0",
                                              "TLSV1_1",
                                              "TLSV1_2",
                                              "TLSV1_3"
                                            ],
                                            "type": "string"
                                          },
                                          "minProtocolVersion": {
                                            "description": "Optional: Minimum TLS protocol version.",
                                            "enum": [
                                              "TLS_AUTO",
                                              "TLSV1_0",
                                              "TLSV1_1",
                                              "TLSV1_2",
                                              "TLSV1_3"
                                            ],
                                            "type": "string"
                                          },
                                          "mode": {
                                            "description": "Optional: Indicates whether connections to this port should be secured using TLS.",
                                            "enum": [
                                              "PASSTHROUGH",
                                              "SIMPLE",
                                              "MUTUAL",
                                              "AUTO_PASSTHROUGH",
                                              "ISTIO_MUTUAL",
                                              "OPTIONAL_MUTUAL"
                                            ],
                                            "type": "string"
                                          },
                                          "privateKey": {
                                            "description": "REQUIRED if mode is `SIMPLE` or `MUTUAL`.",
                                            "type": "string"
                                          },
                                          "serverCertificate": {
                                            "description": "REQUIRED if mode is `SIMPLE` or `MUTUAL`.",
                                            "type": "string"
                                          },
                                          "subjectAltNames": {
                                            "description": "A list of alternate names to verify the subject identity in the certificate presented by the client.",
                                            "items": {
                                              "type": "string"
                                            },
                                            "type": "array"
                                          },
                                          "verifyCertificateHash": {
                                            "description": "An optional list of hex-encoded SHA-256 hashes of the authorized client certificates.",
                                            "items": {
                                              "type": "string"
                                            },
                                            "type": "array"
                                          },
                                          "verifyCertificateSpki": {
                                            "description": "An optional list of base64-encoded SHA-256 hashes of the SPKIs of authorized client certificates.",
                                            "items": {
                                              "type": "string"
                                            },
                                            "type": "array"
                                          }
                                        },
                                        "type": "object"
                                      }
                                    },
                                    "required": [
                                      "port",
                                      "hosts"
                                    ],
                                    "type": "object"
                                  },
                                  "type": "array"
                                }
                              },
                              "type": "object"
                            },
                            "status": {
                              "type": "object",
                              "x-kubernetes-preserve-unknown-fields": true
                            }
                          },
                          "type": "object"
                        }
                      },
                      "selectableFields": null,
                      "served": true,
                      "storage": true,
                      "subresources": {
                        "scale": {
                          "labelSelectorPath": null,
                          "specReplicasPath": null,
                          "statusReplicasPath": null
                        },
                        "status": {}
                      }
                    },
                    {
                      "additionalPrinterColumns": null,
                      "deprecated": null,
                      "deprecationWarning": null,
                      "name": "v1beta1",
                      "schema": {
                        "openAPIV3Schema": {
                          "properties": {
                            "spec": {
                              "description": "Configuration affecting edge load balancer. See more details at: https://istio.io/docs/reference/config/networking/gateway.html",
                              "properties": {
                                "selector": {
                                  "additionalProperties": {
                                    "type": "string"
                                  },
                                  "description": "One or more labels that indicate a specific set of pods/VMs on which this gateway configuration should be applied.",
                                  "type": "object"
                                },
                                "servers": {
                                  "description": "A list of server specifications.",
                                  "items": {
                                    "properties": {
                                      "bind": {
                                        "description": "The ip or the Unix domain socket to which the listener should be bound to.",
                                        "type": "string"
                                      },
                                      "defaultEndpoint": {
                                        "type": "string"
                                      },
                                      "hosts": {
                                        "description": "One or more hosts exposed by this gateway.",
                                        "items": {
                                          "type": "string"
                                        },
                                        "type": "array"
                                      },
                                      "name": {
                                        "description": "An optional name of the server, when set must be unique across all servers.",
                                        "type": "string"
                                      },
                                      "port": {
                                        "description": "The Port on which the proxy should listen for incoming connections.",
                                        "properties": {
                                          "name": {
                                            "description": "Label assigned to the port.",
                                            "type": "string"
                                          },
                                          "number": {
                                            "description": "A valid non-negative integer port number.",
                                            "type": "integer"
                                          },
                                          "protocol": {
                                            "description": "The protocol exposed on the port.",
                                            "type": "string"
                                          },
                                          "targetPort": {
                                            "type": "integer"
                                          }
                                        },
                                        "required": [
                                          "number",
                                          "protocol",
                                          "name"
                                        ],
                                        "type": "object"
                                      },
                                      "tls": {
                                        "description": "Set of TLS related options that govern the server's behavior.",
                                        "properties": {
                                          "caCertificates": {
                                            "description": "REQUIRED if mode is `MUTUAL` or `OPTIONAL_MUTUAL`.",
                                            "type": "string"
                                          },
                                          "cipherSuites": {
                                            "description": "Optional: If specified, only support the specified cipher list.",
                                            "items": {
                                              "type": "string"
                                            },
                                            "type": "array"
                                          },
                                          "credentialName": {
                                            "description": "For gateways running on Kubernetes, the name of the secret that holds the TLS certs including the CA certificates.",
                                            "type": "string"
                                          },
                                          "httpsRedirect": {
                                            "description": "If set to true, the load balancer will send a 301 redirect for all http connections, asking the clients to use HTTPS.",
                                            "type": "boolean"
                                          },
                                          "maxProtocolVersion": {
                                            "description": "Optional: Maximum TLS protocol version.",
                                            "enum": [
                                              "TLS_AUTO",
                                              "TLSV1_0",
                                              "TLSV1_1",
                                              "TLSV1_2",
                                              "TLSV1_3"
                                            ],
                                            "type": "string"
                                          },
                                          "minProtocolVersion": {
                                            "description": "Optional: Minimum TLS protocol version.",
                                            "enum": [
                                              "TLS_AUTO",
                                              "TLSV1_0",
                                              "TLSV1_1",
                                              "TLSV1_2",
                                              "TLSV1_3"
                                            ],
                                            "type": "string"
                                          },
                                          "mode": {
                                            "description": "Optional: Indicates whether connections to this port should be secured using TLS.",
                                            "enum": [
                                              "PASSTHROUGH",
                                              "SIMPLE",
                                              "MUTUAL",
                                              "AUTO_PASSTHROUGH",
                                              "ISTIO_MUTUAL",
                                              "OPTIONAL_MUTUAL"
                                            ],
                                            "type": "string"
                                          },
                                          "privateKey": {
                                            "description": "REQUIRED if mode is `SIMPLE` or `MUTUAL`.",
                                            "type": "string"
                                          },
                                          "serverCertificate": {
                                            "description": "REQUIRED if mode is `SIMPLE` or `MUTUAL`.",
                                            "type": "string"
                                          },
                                          "subjectAltNames": {
                                            "description": "A list of alternate names to verify the subject identity in the certificate presented by the client.",
                                            "items": {
                                              "type": "string"
                                            },
                                            "type": "array"
                                          },
                                          "verifyCertificateHash": {
                                            "description": "An optional list of hex-encoded SHA-256 hashes of the authorized client certificates.",
                                            "items": {
                                              "type": "string"
                                            },
                                            "type": "array"
                                          },
                                          "verifyCertificateSpki": {
                                            "description": "An optional list of base64-encoded SHA-256 hashes of the SPKIs of authorized client certificates.",
                                            "items": {
                                              "type": "string"
                                            },
                                            "type": "array"
                                          }
                                        },
                                        "type": "object"
                                      }
                                    },
                                    "required": [
                                      "port",
                                      "hosts"
                                    ],
                                    "type": "object"
                                  },
                                  "type": "array"
                                }
                              },
                              "type": "object"
                            },
                            "status": {
                              "type": "object",
                              "x-kubernetes-preserve-unknown-fields": true
                            }
                          },
                          "type": "object"
                        }
                      },
                      "selectableFields": null,
                      "served": true,
                      "storage": false,
                      "subresources": {
                        "scale": {
                          "labelSelectorPath": null,
                          "specReplicasPath": null,
                          "statusReplicasPath": null
                        },
                        "status": {}
                      }
                    }
                  ]
                },
                "status": {
                  "acceptedNames": {
                    "categories": [
                      "istio-io",
                      "networking-istio-io"
                    ],
                    "kind": "Gateway",
                    "listKind": "GatewayList",
                    "plural": "gateways",
                    "shortNames": [
                      "gw"
                    ],
                    "singular": "gateway"
                  },
                  "conditions": [
                    {
                      "lastTransitionTime": "2026-02-26T13:46:31Z",
                      "message": "no conflicts found",
                      "reason": "NoConflicts",
                      "status": "True",
                      "type": "NamesAccepted"
                    },
                    {
                      "lastTransitionTime": "2026-02-26T13:46:31Z",
                      "message": "the initial names have been accepted",
                      "reason": "InitialNamesAccepted",
                      "status": "True",
                      "type": "Established"
                    }
                  ],
                  "storedVersions": [
                    "v1alpha3"
                  ]
                }
              },
              "type": [
                "object",
                {
                  "apiVersion": "string",
                  "kind": "string",
                  "metadata": [
                    "object",
                    {
                      "annotations": [
                        "map",
                        "string"
                      ],
                      "creationTimestamp": "string",
                      "deletionGracePeriodSeconds": "number",
                      "deletionTimestamp": "string",
                      "finalizers": [
                        "list",
                        "string"
                      ],
                      "generateName": "string",
                      "generation": "number",
                      "labels": [
                        "map",
                        "string"
                      ],
                      "managedFields": [
                        "tuple",
                        [
                          [
                            "object",
                            {
                              "apiVersion": "string",
                              "fieldsType": "string",
                              "fieldsV1": [
                                "object",
                                {
                                  "f:metadata": [
                                    "object",
                                    {
                                      "f:annotations": [
                                        "object",
                                        {
                                          ".": [
                                            "object",
                                            {}
                                          ],
                                          "f:helm.sh/resource-policy": [
                                            "object",
                                            {}
                                          ]
                                        }
                                      ],
                                      "f:labels": [
                                        "object",
                                        {
                                          ".": [
                                            "object",
                                            {}
                                          ],
                                          "f:app": [
                                            "object",
                                            {}
                                          ],
                                          "f:chart": [
                                            "object",
                                            {}
                                          ],
                                          "f:heritage": [
                                            "object",
                                            {}
                                          ],
                                          "f:release": [
                                            "object",
                                            {}
                                          ]
                                        }
                                      ]
                                    }
                                  ],
                                  "f:spec": [
                                    "object",
                                    {
                                      "f:conversion": [
                                        "object",
                                        {
                                          ".": [
                                            "object",
                                            {}
                                          ],
                                          "f:strategy": [
                                            "object",
                                            {}
                                          ]
                                        }
                                      ],
                                      "f:group": [
                                        "object",
                                        {}
                                      ],
                                      "f:names": [
                                        "object",
                                        {
                                          "f:categories": [
                                            "object",
                                            {}
                                          ],
                                          "f:kind": [
                                            "object",
                                            {}
                                          ],
                                          "f:listKind": [
                                            "object",
                                            {}
                                          ],
                                          "f:plural": [
                                            "object",
                                            {}
                                          ],
                                          "f:shortNames": [
                                            "object",
                                            {}
                                          ],
                                          "f:singular": [
                                            "object",
                                            {}
                                          ]
                                        }
                                      ],
                                      "f:scope": [
                                        "object",
                                        {}
                                      ],
                                      "f:versions": [
                                        "object",
                                        {}
                                      ]
                                    }
                                  ]
                                }
                              ],
                              "manager": "string",
                              "operation": "string",
                              "subresource": "string",
                              "time": "string"
                            }
                          ],
                          [
                            "object",
                            {
                              "apiVersion": "string",
                              "fieldsType": "string",
                              "fieldsV1": [
                                "object",
                                {
                                  "f:status": [
                                    "object",
                                    {
                                      "f:acceptedNames": [
                                        "object",
                                        {
                                          "f:categories": [
                                            "object",
                                            {}
                                          ],
                                          "f:kind": [
                                            "object",
                                            {}
                                          ],
                                          "f:listKind": [
                                            "object",
                                            {}
                                          ],
                                          "f:plural": [
                                            "object",
                                            {}
                                          ],
                                          "f:shortNames": [
                                            "object",
                                            {}
                                          ],
                                          "f:singular": [
                                            "object",
                                            {}
                                          ]
                                        }
                                      ],
                                      "f:conditions": [
                                        "object",
                                        {
                                          "k:{\"type\":\"Established\"}": [
                                            "object",
                                            {
                                              ".": [
                                                "object",
                                                {}
                                              ],
                                              "f:lastTransitionTime": [
                                                "object",
                                                {}
                                              ],
                                              "f:message": [
                                                "object",
                                                {}
                                              ],
                                              "f:reason": [
                                                "object",
                                                {}
                                              ],
                                              "f:status": [
                                                "object",
                                                {}
                                              ],
                                              "f:type": [
                                                "object",
                                                {}
                                              ]
                                            }
                                          ],
                                          "k:{\"type\":\"NamesAccepted\"}": [
                                            "object",
                                            {
                                              ".": [
                                                "object",
                                                {}
                                              ],
                                              "f:lastTransitionTime": [
                                                "object",
                                                {}
                                              ],
                                              "f:message": [
                                                "object",
                                                {}
                                              ],
                                              "f:reason": [
                                                "object",
                                                {}
                                              ],
                                              "f:status": [
                                                "object",
                                                {}
                                              ],
                                              "f:type": [
                                                "object",
                                                {}
                                              ]
                                            }
                                          ]
                                        }
                                      ]
                                    }
                                  ]
                                }
                              ],
                              "manager": "string",
                              "operation": "string",
                              "subresource": "string",
                              "time": "string"
                            }
                          ]
                        ]
                      ],
                      "name": "string",
                      "namespace": "string",
                      "ownerReferences": [
                        "list",
                        [
                          "object",
                          {
                            "apiVersion": "string",
                            "blockOwnerDeletion": "bool",
                            "controller": "bool",
                            "kind": "string",
                            "name": "string",
                            "uid": "string"
                          }
                        ]
                      ],
                      "resourceVersion": "string",
                      "selfLink": "string",
                      "uid": "string"
                    }
                  ],
                  "spec": [
                    "object",
                    {
                      "conversion": [
                        "object",
                        {
                          "strategy": "string",
                          "webhook": [
                            "object",
                            {
                              "clientConfig": [
                                "object",
                                {
                                  "caBundle": "string",
                                  "service": [
                                    "object",
                                    {
                                      "name": "string",
                                      "namespace": "string",
                                      "path": "string",
                                      "port": "number"
                                    }
                                  ],
                                  "url": "string"
                                }
                              ],
                              "conversionReviewVersions": [
                                "list",
                                "string"
                              ]
                            }
                          ]
                        }
                      ],
                      "group": "string",
                      "names": [
                        "object",
                        {
                          "categories": [
                            "list",
                            "string"
                          ],
                          "kind": "string",
                          "listKind": "string",
                          "plural": "string",
                          "shortNames": [
                            "list",
                            "string"
                          ],
                          "singular": "string"
                        }
                      ],
                      "preserveUnknownFields": "bool",
                      "scope": "string",
                      "versions": [
                        "tuple",
                        [
                          [
                            "object",
                            {
                              "additionalPrinterColumns": [
                                "list",
                                [
                                  "object",
                                  {
                                    "description": "string",
                                    "format": "string",
                                    "jsonPath": "string",
                                    "name": "string",
                                    "priority": "number",
                                    "type": "string"
                                  }
                                ]
                              ],
                              "deprecated": "bool",
                              "deprecationWarning": "string",
                              "name": "string",
                              "schema": [
                                "object",
                                {
                                  "openAPIV3Schema": [
                                    "object",
                                    {
                                      "properties": [
                                        "object",
                                        {
                                          "spec": [
                                            "object",
                                            {
                                              "description": "string",
                                              "properties": [
                                                "object",
                                                {
                                                  "selector": [
                                                    "object",
                                                    {
                                                      "additionalProperties": [
                                                        "object",
                                                        {
                                                          "type": "string"
                                                        }
                                                      ],
                                                      "description": "string",
                                                      "type": "string"
                                                    }
                                                  ],
                                                  "servers": [
                                                    "object",
                                                    {
                                                      "description": "string",
                                                      "items": [
                                                        "object",
                                                        {
                                                          "properties": [
                                                            "object",
                                                            {
                                                              "bind": [
                                                                "object",
                                                                {
                                                                  "description": "string",
                                                                  "type": "string"
                                                                }
                                                              ],
                                                              "defaultEndpoint": [
                                                                "object",
                                                                {
                                                                  "type": "string"
                                                                }
                                                              ],
                                                              "hosts": [
                                                                "object",
                                                                {
                                                                  "description": "string",
                                                                  "items": [
                                                                    "object",
                                                                    {
                                                                      "type": "string"
                                                                    }
                                                                  ],
                                                                  "type": "string"
                                                                }
                                                              ],
                                                              "name": [
                                                                "object",
                                                                {
                                                                  "description": "string",
                                                                  "type": "string"
                                                                }
                                                              ],
                                                              "port": [
                                                                "object",
                                                                {
                                                                  "description": "string",
                                                                  "properties": [
                                                                    "object",
                                                                    {
                                                                      "name": [
                                                                        "object",
                                                                        {
                                                                          "description": "string",
                                                                          "type": "string"
                                                                        }
                                                                      ],
                                                                      "number": [
                                                                        "object",
                                                                        {
                                                                          "description": "string",
                                                                          "type": "string"
                                                                        }
                                                                      ],
                                                                      "protocol": [
                                                                        "object",
                                                                        {
                                                                          "description": "string",
                                                                          "type": "string"
                                                                        }
                                                                      ],
                                                                      "targetPort": [
                                                                        "object",
                                                                        {
                                                                          "type": "string"
                                                                        }
                                                                      ]
                                                                    }
                                                                  ],
                                                                  "required": [
                                                                    "tuple",
                                                                    [
                                                                      "string",
                                                                      "string",
                                                                      "string"
                                                                    ]
                                                                  ],
                                                                  "type": "string"
                                                                }
                                                              ],
                                                              "tls": [
                                                                "object",
                                                                {
                                                                  "description": "string",
                                                                  "properties": [
                                                                    "object",
                                                                    {
                                                                      "caCertificates": [
                                                                        "object",
                                                                        {
                                                                          "description": "string",
                                                                          "type": "string"
                                                                        }
                                                                      ],
                                                                      "cipherSuites": [
                                                                        "object",
                                                                        {
                                                                          "description": "string",
                                                                          "items": [
                                                                            "object",
                                                                            {
                                                                              "type": "string"
                                                                            }
                                                                          ],
                                                                          "type": "string"
                                                                        }
                                                                      ],
                                                                      "credentialName": [
                                                                        "object",
                                                                        {
                                                                          "description": "string",
                                                                          "type": "string"
                                                                        }
                                                                      ],
                                                                      "httpsRedirect": [
                                                                        "object",
                                                                        {
                                                                          "description": "string",
                                                                          "type": "string"
                                                                        }
                                                                      ],
                                                                      "maxProtocolVersion": [
                                                                        "object",
                                                                        {
                                                                          "description": "string",
                                                                          "enum": [
                                                                            "tuple",
                                                                            [
                                                                              "string",
                                                                              "string",
                                                                              "string",
                                                                              "string",
                                                                              "string"
                                                                            ]
                                                                          ],
                                                                          "type": "string"
                                                                        }
                                                                      ],
                                                                      "minProtocolVersion": [
                                                                        "object",
                                                                        {
                                                                          "description": "string",
                                                                          "enum": [
                                                                            "tuple",
                                                                            [
                                                                              "string",
                                                                              "string",
                                                                              "string",
                                                                              "string",
                                                                              "string"
                                                                            ]
                                                                          ],
                                                                          "type": "string"
                                                                        }
                                                                      ],
                                                                      "mode": [
                                                                        "object",
                                                                        {
                                                                          "description": "string",
                                                                          "enum": [
                                                                            "tuple",
                                                                            [
                                                                              "string",
                                                                              "string",
                                                                              "string",
                                                                              "string",
                                                                              "string",
                                                                              "string"
                                                                            ]
                                                                          ],
                                                                          "type": "string"
                                                                        }
                                                                      ],
                                                                      "privateKey": [
                                                                        "object",
                                                                        {
                                                                          "description": "string",
                                                                          "type": "string"
                                                                        }
                                                                      ],
                                                                      "serverCertificate": [
                                                                        "object",
                                                                        {
                                                                          "description": "string",
                                                                          "type": "string"
                                                                        }
                                                                      ],
                                                                      "subjectAltNames": [
                                                                        "object",
                                                                        {
                                                                          "description": "string",
                                                                          "items": [
                                                                            "object",
                                                                            {
                                                                              "type": "string"
                                                                            }
                                                                          ],
                                                                          "type": "string"
                                                                        }
                                                                      ],
                                                                      "verifyCertificateHash": [
                                                                        "object",
                                                                        {
                                                                          "description": "string",
                                                                          "items": [
                                                                            "object",
                                                                            {
                                                                              "type": "string"
                                                                            }
                                                                          ],
                                                                          "type": "string"
                                                                        }
                                                                      ],
                                                                      "verifyCertificateSpki": [
                                                                        "object",
                                                                        {
                                                                          "description": "string",
                                                                          "items": [
                                                                            "object",
                                                                            {
                                                                              "type": "string"
                                                                            }
                                                                          ],
                                                                          "type": "string"
                                                                        }
                                                                      ]
                                                                    }
                                                                  ],
                                                                  "type": "string"
                                                                }
                                                              ]
                                                            }
                                                          ],
                                                          "required": [
                                                            "tuple",
                                                            [
                                                              "string",
                                                              "string"
                                                            ]
                                                          ],
                                                          "type": "string"
                                                        }
                                                      ],
                                                      "type": "string"
                                                    }
                                                  ]
                                                }
                                              ],
                                              "type": "string"
                                            }
                                          ],
                                          "status": [
                                            "object",
                                            {
                                              "type": "string",
                                              "x-kubernetes-preserve-unknown-fields": "bool"
                                            }
                                          ]
                                        }
                                      ],
                                      "type": "string"
                                    }
                                  ]
                                }
                              ],
                              "selectableFields": [
                                "list",
                                [
                                  "object",
                                  {
                                    "jsonPath": "string"
                                  }
                                ]
                              ],
                              "served": "bool",
                              "storage": "bool",
                              "subresources": [
                                "object",
                                {
                                  "scale": [
                                    "object",
                                    {
                                      "labelSelectorPath": "string",
                                      "specReplicasPath": "string",
                                      "statusReplicasPath": "string"
                                    }
                                  ],
                                  "status": [
                                    "object",
                                    {}
                                  ]
                                }
                              ]
                            }
                          ],
                          [
                            "object",
                            {
                              "additionalPrinterColumns": [
                                "list",
                                [
                                  "object",
                                  {
                                    "description": "string",
                                    "format": "string",
                                    "jsonPath": "string",
                                    "name": "string",
                                    "priority": "number",
                                    "type": "string"
                                  }
                                ]
                              ],
                              "deprecated": "bool",
                              "deprecationWarning": "string",
                              "name": "string",
                              "schema": [
                                "object",
                                {
                                  "openAPIV3Schema": [
                                    "object",
                                    {
                                      "properties": [
                                        "object",
                                        {
                                          "spec": [
                                            "object",
                                            {
                                              "description": "string",
                                              "properties": [
                                                "object",
                                                {
                                                  "selector": [
                                                    "object",
                                                    {
                                                      "additionalProperties": [
                                                        "object",
                                                        {
                                                          "type": "string"
                                                        }
                                                      ],
                                                      "description": "string",
                                                      "type": "string"
                                                    }
                                                  ],
                                                  "servers": [
                                                    "object",
                                                    {
                                                      "description": "string",
                                                      "items": [
                                                        "object",
                                                        {
                                                          "properties": [
                                                            "object",
                                                            {
                                                              "bind": [
                                                                "object",
                                                                {
                                                                  "description": "string",
                                                                  "type": "string"
                                                                }
                                                              ],
                                                              "defaultEndpoint": [
                                                                "object",
                                                                {
                                                                  "type": "string"
                                                                }
                                                              ],
                                                              "hosts": [
                                                                "object",
                                                                {
                                                                  "description": "string",
                                                                  "items": [
                                                                    "object",
                                                                    {
                                                                      "type": "string"
                                                                    }
                                                                  ],
                                                                  "type": "string"
                                                                }
                                                              ],
                                                              "name": [
                                                                "object",
                                                                {
                                                                  "description": "string",
                                                                  "type": "string"
                                                                }
                                                              ],
                                                              "port": [
                                                                "object",
                                                                {
                                                                  "description": "string",
                                                                  "properties": [
                                                                    "object",
                                                                    {
                                                                      "name": [
                                                                        "object",
                                                                        {
                                                                          "description": "string",
                                                                          "type": "string"
                                                                        }
                                                                      ],
                                                                      "number": [
                                                                        "object",
                                                                        {
                                                                          "description": "string",
                                                                          "type": "string"
                                                                        }
                                                                      ],
                                                                      "protocol": [
                                                                        "object",
                                                                        {
                                                                          "description": "string",
                                                                          "type": "string"
                                                                        }
                                                                      ],
                                                                      "targetPort": [
                                                                        "object",
                                                                        {
                                                                          "type": "string"
                                                                        }
                                                                      ]
                                                                    }
                                                                  ],
                                                                  "required": [
                                                                    "tuple",
                                                                    [
                                                                      "string",
                                                                      "string",
                                                                      "string"
                                                                    ]
                                                                  ],
                                                                  "type": "string"
                                                                }
                                                              ],
                                                              "tls": [
                                                                "object",
                                                                {
                                                                  "description": "string",
                                                                  "properties": [
                                                                    "object",
                                                                    {
                                                                      "caCertificates": [
                                                                        "object",
                                                                        {
                                                                          "description": "string",
                                                                          "type": "string"
                                                                        }
                                                                      ],
                                                                      "cipherSuites": [
                                                                        "object",
                                                                        {
                                                                          "description": "string",
                                                                          "items": [
                                                                            "object",
                                                                            {
                                                                              "type": "string"
                                                                            }
                                                                          ],
                                                                          "type": "string"
                                                                        }
                                                                      ],
                                                                      "credentialName": [
                                                                        "object",
                                                                        {
                                                                          "description": "string",
                                                                          "type": "string"
                                                                        }
                                                                      ],
                                                                      "httpsRedirect": [
                                                                        "object",
                                                                        {
                                                                          "description": "string",
                                                                          "type": "string"
                                                                        }
                                                                      ],
                                                                      "maxProtocolVersion": [
                                                                        "object",
                                                                        {
                                                                          "description": "string",
                                                                          "enum": [
                                                                            "tuple",
                                                                            [
                                                                              "string",
                                                                              "string",
                                                                              "string",
                                                                              "string",
                                                                              "string"
                                                                            ]
                                                                          ],
                                                                          "type": "string"
                                                                        }
                                                                      ],
                                                                      "minProtocolVersion": [
                                                                        "object",
                                                                        {
                                                                          "description": "string",
                                                                          "enum": [
                                                                            "tuple",
                                                                            [
                                                                              "string",
                                                                              "string",
                                                                              "string",
                                                                              "string",
                                                                              "string"
                                                                            ]
                                                                          ],
                                                                          "type": "string"
                                                                        }
                                                                      ],
                                                                      "mode": [
                                                                        "object",
                                                                        {
                                                                          "description": "string",
                                                                          "enum": [
                                                                            "tuple",
                                                                            [
                                                                              "string",
                                                                              "string",
                                                                              "string",
                                                                              "string",
                                                                              "string",
                                                                              "string"
                                                                            ]
                                                                          ],
                                                                          "type": "string"
                                                                        }
                                                                      ],
                                                                      "privateKey": [
                                                                        "object",
                                                                        {
                                                                          "description": "string",
                                                                          "type": "string"
                                                                        }
                                                                      ],
                                                                      "serverCertificate": [
                                                                        "object",
                                                                        {
                                                                          "description": "string",
                                                                          "type": "string"
                                                                        }
                                                                      ],
                                                                      "subjectAltNames": [
                                                                        "object",
                                                                        {
                                                                          "description": "string",
                                                                          "items": [
                                                                            "object",
                                                                            {
                                                                              "type": "string"
                                                                            }
                                                                          ],
                                                                          "type": "string"
                                                                        }
                                                                      ],
                                                                      "verifyCertificateHash": [
                                                                        "object",
                                                                        {
                                                                          "description": "string",
                                                                          "items": [
                                                                            "object",
                                                                            {
                                                                              "type": "string"
                                                                            }
                                                                          ],
                                                                          "type": "string"
                                                                        }
                                                                      ],
                                                                      "verifyCertificateSpki": [
                                                                        "object",
                                                                        {
                                                                          "description": "string",
                                                                          "items": [
                                                                            "object",
                                                                            {
                                                                              "type": "string"
                                                                            }
                                                                          ],
                                                                          "type": "string"
                                                                        }
                                                                      ]
                                                                    }
                                                                  ],
                                                                  "type": "string"
                                                                }
                                                              ]
                                                            }
                                                          ],
                                                          "required": [
                                                            "tuple",
                                                            [
                                                              "string",
                                                              "string"
                                                            ]
                                                          ],
                                                          "type": "string"
                                                        }
                                                      ],
                                                      "type": "string"
                                                    }
                                                  ]
                                                }
                                              ],
                                              "type": "string"
                                            }
                                          ],
                                          "status": [
                                            "object",
                                            {
                                              "type": "string",
                                              "x-kubernetes-preserve-unknown-fields": "bool"
                                            }
                                          ]
                                        }
                                      ],
                                      "type": "string"
                                    }
                                  ]
                                }
                              ],
                              "selectableFields": [
                                "list",
                                [
                                  "object",
                                  {
                                    "jsonPath": "string"
                                  }
                                ]
                              ],
                              "served": "bool",
                              "storage": "bool",
                              "subresources": [
                                "object",
                                {
                                  "scale": [
                                    "object",
                                    {
                                      "labelSelectorPath": "string",
                                      "specReplicasPath": "string",
                                      "statusReplicasPath": "string"
                                    }
                                  ],
                                  "status": [
                                    "object",
                                    {}
                                  ]
                                }
                              ]
                            }
                          ]
                        ]
                      ]
                    }
                  ],
                  "status": [
                    "object",
                    {
                      "acceptedNames": [
                        "object",
                        {
                          "categories": [
                            "list",
                            "string"
                          ],
                          "kind": "string",
                          "listKind": "string",
                          "plural": "string",
                          "shortNames": [
                            "list",
                            "string"
                          ],
                          "singular": "string"
                        }
                      ],
                      "conditions": [
                        "list",
                        [
                          "object",
                          {
                            "lastTransitionTime": "string",
                            "message": "string",
                            "reason": "string",
                            "status": "string",
                            "type": "string"
                          }
                        ]
                      ],
                      "storedVersions": [
                        "list",
                        "string"
                      ]
                    }
                  ]
                }
              ]
            }
          },
          "sensitive_attributes": [],
          "identity_schema_version": 0
        }
      ]
    },
    {
      "mode": "managed",
      "type": "kubernetes_manifest",
      "name": "shared_gateway",
      "provider": "provider[\"registry.terraform.io/hashicorp/kubernetes\"]",
      "instances": [
        {
          "schema_version": 1,
          "attributes": {
            "computed_fields": null,
            "field_manager": [],
            "manifest": {
              "value": {
                "apiVersion": "networking.istio.io/v1beta1",
                "kind": "Gateway",
                "metadata": {
                  "annotations": {
                    "description": "Shared Gateway for margin, collateral teams"
                  },
                  "labels": {
                    "app.kubernetes.io/managed-by": "terraform"
                  },
                  "name": "shared-gateway",
                  "namespace": "istio-ingress"
                },
                "spec": {
                  "selector": {
                    "istio": "ingressgateway"
                  },
                  "servers": [
                    {
                      "hosts": [
                        "*"
                      ],
                      "port": {
                        "name": "http",
                        "number": 80,
                        "protocol": "HTTP"
                      }
                    },
                    {
                      "hosts": [
                        "*"
                      ],
                      "port": {
                        "name": "tls-passthrough",
                        "number": 443,
                        "protocol": "TLS"
                      },
                      "tls": {
                        "mode": "PASSTHROUGH"
                      }
                    },
                    {
                      "hosts": [
                        "*"
                      ],
                      "port": {
                        "name": "https",
                        "number": 8443,
                        "protocol": "HTTPS"
                      },
                      "tls": {
                        "credentialName": "gateway-tls-cert",
                        "mode": "SIMPLE"
                      }
                    }
                  ]
                }
              },
              "type": [
                "object",
                {
                  "apiVersion": "string",
                  "kind": "string",
                  "metadata": [
                    "object",
                    {
                      "annotations": [
                        "object",
                        {
                          "description": "string"
                        }
                      ],
                      "labels": [
                        "object",
                        {
                          "app.kubernetes.io/managed-by": "string"
                        }
                      ],
                      "name": "string",
                      "namespace": "string"
                    }
                  ],
                  "spec": [
                    "object",
                    {
                      "selector": [
                        "object",
                        {
                          "istio": "string"
                        }
                      ],
                      "servers": [
                        "tuple",
                        [
                          [
                            "object",
                            {
                              "hosts": [
                                "list",
                                "string"
                              ],
                              "port": [
                                "object",
                                {
                                  "name": "string",
                                  "number": "number",
                                  "protocol": "string"
                                }
                              ]
                            }
                          ],
                          [
                            "object",
                            {
                              "hosts": [
                                "list",
                                "string"
                              ],
                              "port": [
                                "object",
                                {
                                  "name": "string",
                                  "number": "number",
                                  "protocol": "string"
                                }
                              ],
                              "tls": [
                                "object",
                                {
                                  "mode": "string"
                                }
                              ]
                            }
                          ],
                          [
                            "object",
                            {
                              "hosts": [
                                "list",
                                "string"
                              ],
                              "port": [
                                "object",
                                {
                                  "name": "string",
                                  "number": "number",
                                  "protocol": "string"
                                }
                              ],
                              "tls": [
                                "object",
                                {
                                  "credentialName": "string",
                                  "mode": "string"
                                }
                              ]
                            }
                          ]
                        ]
                      ]
                    }
                  ]
                }
              ]
            },
            "object": {
              "value": {
                "apiVersion": "networking.istio.io/v1beta1",
                "kind": "Gateway",
                "metadata": {
                  "annotations": {
                    "description": "Shared Gateway for margin, collateral teams"
                  },
                  "creationTimestamp": null,
                  "deletionGracePeriodSeconds": null,
                  "deletionTimestamp": null,
                  "finalizers": null,
                  "generateName": null,
                  "generation": null,
                  "labels": {
                    "app.kubernetes.io/managed-by": "terraform"
                  },
                  "managedFields": null,
                  "name": "shared-gateway",
                  "namespace": "istio-ingress",
                  "ownerReferences": null,
                  "resourceVersion": null,
                  "selfLink": null,
                  "uid": null
                },
                "spec": {
                  "selector": {
                    "istio": "ingressgateway"
                  },
                  "servers": [
                    {
                      "bind": null,
                      "defaultEndpoint": null,
                      "hosts": [
                        "*"
                      ],
                      "name": null,
                      "port": {
                        "name": "http",
                        "number": 80,
                        "protocol": "HTTP",
                        "targetPort": null
                      },
                      "tls": {
                        "caCertificates": null,
                        "cipherSuites": null,
                        "credentialName": null,
                        "httpsRedirect": null,
                        "maxProtocolVersion": null,
                        "minProtocolVersion": null,
                        "mode": null,
                        "privateKey": null,
                        "serverCertificate": null,
                        "subjectAltNames": null,
                        "verifyCertificateHash": null,
                        "verifyCertificateSpki": null
                      }
                    },
                    {
                      "bind": null,
                      "defaultEndpoint": null,
                      "hosts": [
                        "*"
                      ],
                      "name": null,
                      "port": {
                        "name": "tls-passthrough",
                        "number": 443,
                        "protocol": "TLS",
                        "targetPort": null
                      },
                      "tls": {
                        "caCertificates": null,
                        "cipherSuites": null,
                        "credentialName": null,
                        "httpsRedirect": null,
                        "maxProtocolVersion": null,
                        "minProtocolVersion": null,
                        "mode": "PASSTHROUGH",
                        "privateKey": null,
                        "serverCertificate": null,
                        "subjectAltNames": null,
                        "verifyCertificateHash": null,
                        "verifyCertificateSpki": null
                      }
                    },
                    {
                      "bind": null,
                      "defaultEndpoint": null,
                      "hosts": [
                        "*"
                      ],
                      "name": null,
                      "port": {
                        "name": "https",
                        "number": 8443,
                        "protocol": "HTTPS",
                        "targetPort": null
                      },
                      "tls": {
                        "caCertificates": null,
                        "cipherSuites": null,
                        "credentialName": "gateway-tls-cert",
                        "httpsRedirect": null,
                        "maxProtocolVersion": null,
                        "minProtocolVersion": null,
                        "mode": "SIMPLE",
                        "privateKey": null,
                        "serverCertificate": null,
                        "subjectAltNames": null,
                        "verifyCertificateHash": null,
                        "verifyCertificateSpki": null
                      }
                    }
                  ]
                }
              },
              "type": [
                "object",
                {
                  "apiVersion": "string",
                  "kind": "string",
                  "metadata": [
                    "object",
                    {
                      "annotations": [
                        "map",
                        "string"
                      ],
                      "creationTimestamp": "string",
                      "deletionGracePeriodSeconds": "number",
                      "deletionTimestamp": "string",
                      "finalizers": [
                        "list",
                        "string"
                      ],
                      "generateName": "string",
                      "generation": "number",
                      "labels": [
                        "map",
                        "string"
                      ],
                      "managedFields": [
                        "tuple",
                        [
                          [
                            "object",
                            {
                              "apiVersion": "string",
                              "fieldsType": "string",
                              "fieldsV1": "dynamic",
                              "manager": "string",
                              "operation": "string",
                              "subresource": "string",
                              "time": "string"
                            }
                          ]
                        ]
                      ],
                      "name": "string",
                      "namespace": "string",
                      "ownerReferences": [
                        "list",
                        [
                          "object",
                          {
                            "apiVersion": "string",
                            "blockOwnerDeletion": "bool",
                            "controller": "bool",
                            "kind": "string",
                            "name": "string",
                            "uid": "string"
                          }
                        ]
                      ],
                      "resourceVersion": "string",
                      "selfLink": "string",
                      "uid": "string"
                    }
                  ],
                  "spec": [
                    "object",
                    {
                      "selector": [
                        "map",
                        "string"
                      ],
                      "servers": [
                        "list",
                        [
                          "object",
                          {
                            "bind": "string",
                            "defaultEndpoint": "string",
                            "hosts": [
                              "list",
                              "string"
                            ],
                            "name": "string",
                            "port": [
                              "object",
                              {
                                "name": "string",
                                "number": "number",
                                "protocol": "string",
                                "targetPort": "number"
                              }
                            ],
                            "tls": [
                              "object",
                              {
                                "caCertificates": "string",
                                "cipherSuites": [
                                  "list",
                                  "string"
                                ],
                                "credentialName": "string",
                                "httpsRedirect": "bool",
                                "maxProtocolVersion": "string",
                                "minProtocolVersion": "string",
                                "mode": "string",
                                "privateKey": "string",
                                "serverCertificate": "string",
                                "subjectAltNames": [
                                  "list",
                                  "string"
                                ],
                                "verifyCertificateHash": [
                                  "list",
                                  "string"
                                ],
                                "verifyCertificateSpki": [
                                  "list",
                                  "string"
                                ]
                              }
                            ]
                          }
                        ]
                      ]
                    }
                  ]
                }
              ]
            },
            "timeouts": [],
            "wait": [],
            "wait_for": null
          },
          "sensitive_attributes": [],
          "identity_schema_version": 1,
          "identity": {
            "api_version": "networking.istio.io/v1beta1",
            "kind": "Gateway",
            "name": "shared-gateway",
            "namespace": "istio-ingress"
          },
          "dependencies": [
            "data.kubernetes_resource.gateway_crd"
          ]
        }
      ]
    }
  ],
  "check_results": null
}
